
Microsoft Visual Studio Solution File, Format Version 12.00
# Visual Studio 2013
VisualStudioVersion = 12.0.31101.0
MinimumVisualStudioVersion = 10.0.40219.1
Project("{FAE04EC0-301F-11D3-BF4B-00C04F79EFBC}") = "CertSerialNumberExtractor.Win", "CertSerialNumberExtractor.Win\CertSerialNumberExtractor.Win.csproj", "{E4CCE2FF-CFCF-4975-99DC-2C22C3A82AD7}"
EndProject
Project("{FAE04EC0-301F-11D3-BF4B-00C04F79EFBC}") = "CertSerialNumberExtractor.Library", "CertSerialNumberExtractor.Library\CertSerialNumberExtractor.Library.csproj", "{50EE86D2-B732-4571-AB7D-5CE56A986F78}"
EndProject
Global
	GlobalSection(SolutionConfigurationPlatforms) = preSolution
		Debug|Any CPU = Debug|Any CPU
		Release|Any CPU = Release|Any CPU
	EndGlobalSection
	GlobalSection(ProjectConfigurationPlatforms) = postSolution
		{E4CCE2FF-CFCF-4975-99DC-2C22C3A82AD7}.Debug|Any CPU.ActiveCfg = Debug|Any CPU
		{E4CCE2FF-CFCF-4975-99DC-2C22C3A82AD7}.Debug|Any CPU.Build.0 = Debug|Any CPU
		{E4CCE2FF-CFCF-4975-99DC-2C22C3A82AD7}.Release|Any CPU.ActiveCfg = Release|Any CPU
		{E4CCE2FF-CFCF-4975-99DC-2C22C3A82AD7}.Release|Any CPU.Build.0 = Release|Any CPU
		{50EE86D2-B732-4571-AB7D-5CE56A986F78}.Debug|Any CPU.ActiveCfg = Debug|Any CPU
		{50EE86D2-B732-4571-AB7D-5CE56A986F78}.Debug|Any CPU.Build.0 = Debug|Any CPU
		{50EE86D2-B732-4571-AB7D-5CE56A986F78}.Release|Any CPU.ActiveCfg = Release|Any CPU
		{50EE86D2-B732-4571-AB7D-5CE56A986F78}.Release|Any CPU.Build.0 = Release|Any CPU
	EndGlobalSection
	GlobalSection(SolutionProperties) = preSolution
		HideSolutionNode = FALSE
	EndGlobalSection
EndGlobal
